
Microsoft Visual Studio Solution File, Format Version 12.00
# Visual Studio Version 17
VisualStudioVersion = 17.13.35806.99 d17.13
MinimumVisualStudioVersion = 10.0.40219.1
Project("{FAE04EC0-301F-11D3-BF4B-00C04F79EFBC}") = "NB.API", "NB.API\NB.API.csproj", "{BB22DB17-92F1-458C-92B0-7B594C363A6D}"
	ProjectSection(ProjectDependencies) = postProject
		{1A3B2539-5A5D-4890-82E6-38741E67EAB4} = {1A3B2539-5A5D-4890-82E6-38741E67EAB4}
	EndProjectSection
EndProject
Project("{FAE04EC0-301F-11D3-BF4B-00C04F79EFBC}") = "NB.Model", "NB.Model\NB.Model.csproj", "{FA30983A-1BA6-4153-88F8-56D7AD099CCF}"
EndProject
Project("{FAE04EC0-301F-11D3-BF4B-00C04F79EFBC}") = "NB.Service", "NB.Services\NB.Service.csproj", "{1A3B2539-5A5D-4890-82E6-38741E67EAB4}"
EndProject
Project("{FAE04EC0-301F-11D3-BF4B-00C04F79EFBC}") = "NB.Repository", "NB.Repository\NB.Repository.csproj", "{3F372576-8B28-4472-9641-F4E1C96999CD}"
EndProject
Global
	GlobalSection(SolutionConfigurationPlatforms) = preSolution
		Debug|Any CPU = Debug|Any CPU
		Release|Any CPU = Release|Any CPU
	EndGlobalSection
	GlobalSection(ProjectConfigurationPlatforms) = postSolution
		{BB22DB17-92F1-458C-92B0-7B594C363A6D}.Debug|Any CPU.ActiveCfg = Debug|Any CPU
		{BB22DB17-92F1-458C-92B0-7B594C363A6D}.Debug|Any CPU.Build.0 = Debug|Any CPU
		{BB22DB17-92F1-458C-92B0-7B594C363A6D}.Release|Any CPU.ActiveCfg = Release|Any CPU
		{BB22DB17-92F1-458C-92B0-7B594C363A6D}.Release|Any CPU.Build.0 = Release|Any CPU
		{FA30983A-1BA6-4153-88F8-56D7AD099CCF}.Debug|Any CPU.ActiveCfg = Debug|Any CPU
		{FA30983A-1BA6-4153-88F8-56D7AD099CCF}.Debug|Any CPU.Build.0 = Debug|Any CPU
		{FA30983A-1BA6-4153-88F8-56D7AD099CCF}.Release|Any CPU.ActiveCfg = Release|Any CPU
		{FA30983A-1BA6-4153-88F8-56D7AD099CCF}.Release|Any CPU.Build.0 = Release|Any CPU
		{1A3B2539-5A5D-4890-82E6-38741E67EAB4}.Debug|Any CPU.ActiveCfg = Debug|Any CPU
		{1A3B2539-5A5D-4890-82E6-38741E67EAB4}.Debug|Any CPU.Build.0 = Debug|Any CPU
		{1A3B2539-5A5D-4890-82E6-38741E67EAB4}.Release|Any CPU.ActiveCfg = Release|Any CPU
		{1A3B2539-5A5D-4890-82E6-38741E67EAB4}.Release|Any CPU.Build.0 = Release|Any CPU
		{3F372576-8B28-4472-9641-F4E1C96999CD}.Debug|Any CPU.ActiveCfg = Debug|Any CPU
		{3F372576-8B28-4472-9641-F4E1C96999CD}.Debug|Any CPU.Build.0 = Debug|Any CPU
		{3F372576-8B28-4472-9641-F4E1C96999CD}.Release|Any CPU.ActiveCfg = Release|Any CPU
		{3F372576-8B28-4472-9641-F4E1C96999CD}.Release|Any CPU.Build.0 = Release|Any CPU
	EndGlobalSection
	GlobalSection(SolutionProperties) = preSolution
		HideSolutionNode = FALSE
	EndGlobalSection
	GlobalSection(ExtensibilityGlobals) = postSolution
		SolutionGuid = {EFC0E7E6-997F-4AE5-865C-F6253AA3524E}
	EndGlobalSection
EndGlobal
